
Microsoft Visual Studio Solution File, Format Version 12.00
# Visual Studio Version 16
VisualStudioVersion = 16.0.29503.13
MinimumVisualStudioVersion = 10.0.40219.1
Project("{FAE04EC0-301F-11D3-BF4B-00C04F79EFBC}") = "Assignment6-ASP.Net_MVC", "Assignment6-ASP.Net_MVC\Assignment6-ASP.Net_MVC.csproj", "{614B768D-E9A3-4746-AB12-81848BF7D27C}"
EndProject
Global
	GlobalSection(SolutionConfigurationPlatforms) = preSolution
		Debug|Any CPU = Debug|Any CPU
		Release|Any CPU = Release|Any CPU
	EndGlobalSection
	GlobalSection(ProjectConfigurationPlatforms) = postSolution
		{614B768D-E9A3-4746-AB12-81848BF7D27C}.Debug|Any CPU.ActiveCfg = Debug|Any CPU
		{614B768D-E9A3-4746-AB12-81848BF7D27C}.Debug|Any CPU.Build.0 = Debug|Any CPU
		{614B768D-E9A3-4746-AB12-81848BF7D27C}.Release|Any CPU.ActiveCfg = Release|Any CPU
		{614B768D-E9A3-4746-AB12-81848BF7D27C}.Release|Any CPU.Build.0 = Release|Any CPU
	EndGlobalSection
	GlobalSection(SolutionProperties) = preSolution
		HideSolutionNode = FALSE
	EndGlobalSection
	GlobalSection(ExtensibilityGlobals) = postSolution
		SolutionGuid = {BB3DC0C6-1B3E-49E9-AA12-1CB7DD486852}
	EndGlobalSection
EndGlobal
