
Microsoft Visual Studio Solution File, Format Version 12.00
# Visual Studio Version 16
VisualStudioVersion = 16.0.29123.88
MinimumVisualStudioVersion = 10.0.40219.1
Project("{FAE04EC0-301F-11D3-BF4B-00C04F79EFBC}") = "WebApiCRUD", "WebApiCRUD\WebApiCRUD.csproj", "{BAB418E9-17BB-43C3-9BAD-A8A309866029}"
EndProject
Project("{FAE04EC0-301F-11D3-BF4B-00C04F79EFBC}") = "EmployeeDataAccess", "EmployeeDataAccess\EmployeeDataAccess.csproj", "{15F22A8C-6915-4F53-9E13-2A915FE80519}"
EndProject
Global
	GlobalSection(SolutionConfigurationPlatforms) = preSolution
		Debug|Any CPU = Debug|Any CPU
		Release|Any CPU = Release|Any CPU
	EndGlobalSection
	GlobalSection(ProjectConfigurationPlatforms) = postSolution
		{BAB418E9-17BB-43C3-9BAD-A8A309866029}.Debug|Any CPU.ActiveCfg = Debug|Any CPU
		{BAB418E9-17BB-43C3-9BAD-A8A309866029}.Debug|Any CPU.Build.0 = Debug|Any CPU
		{BAB418E9-17BB-43C3-9BAD-A8A309866029}.Release|Any CPU.ActiveCfg = Release|Any CPU
		{BAB418E9-17BB-43C3-9BAD-A8A309866029}.Release|Any CPU.Build.0 = Release|Any CPU
		{15F22A8C-6915-4F53-9E13-2A915FE80519}.Debug|Any CPU.ActiveCfg = Debug|Any CPU
		{15F22A8C-6915-4F53-9E13-2A915FE80519}.Debug|Any CPU.Build.0 = Debug|Any CPU
		{15F22A8C-6915-4F53-9E13-2A915FE80519}.Release|Any CPU.ActiveCfg = Release|Any CPU
		{15F22A8C-6915-4F53-9E13-2A915FE80519}.Release|Any CPU.Build.0 = Release|Any CPU
	EndGlobalSection
	GlobalSection(SolutionProperties) = preSolution
		HideSolutionNode = FALSE
	EndGlobalSection
	GlobalSection(ExtensibilityGlobals) = postSolution
		SolutionGuid = {DAC3854A-A963-47C3-B3E8-49F08E81B291}
	EndGlobalSection
EndGlobal
