
Microsoft Visual Studio Solution File, Format Version 12.00
# Visual Studio Version 16
VisualStudioVersion = 16.0.29123.88
MinimumVisualStudioVersion = 10.0.40219.1
Project("{FAE04EC0-301F-11D3-BF4B-00C04F79EFBC}") = "Asp.Net-Database Connectivity", "Asp.Net-Database Connectivity.csproj", "{7DEA1FA3-FCF5-43D2-81DB-6A2128A94D5C}"
EndProject
Global
	GlobalSection(SolutionConfigurationPlatforms) = preSolution
		Debug|Any CPU = Debug|Any CPU
		Release|Any CPU = Release|Any CPU
	EndGlobalSection
	GlobalSection(ProjectConfigurationPlatforms) = postSolution
		{7DEA1FA3-FCF5-43D2-81DB-6A2128A94D5C}.Debug|Any CPU.ActiveCfg = Debug|Any CPU
		{7DEA1FA3-FCF5-43D2-81DB-6A2128A94D5C}.Debug|Any CPU.Build.0 = Debug|Any CPU
		{7DEA1FA3-FCF5-43D2-81DB-6A2128A94D5C}.Release|Any CPU.ActiveCfg = Release|Any CPU
		{7DEA1FA3-FCF5-43D2-81DB-6A2128A94D5C}.Release|Any CPU.Build.0 = Release|Any CPU
	EndGlobalSection
	GlobalSection(SolutionProperties) = preSolution
		HideSolutionNode = FALSE
	EndGlobalSection
	GlobalSection(ExtensibilityGlobals) = postSolution
		SolutionGuid = {7956ED7A-4CC5-4C96-8327-30B8BF05E5F2}
	EndGlobalSection
EndGlobal
