
Microsoft Visual Studio Solution File, Format Version 12.00
# Visual Studio Version 16
VisualStudioVersion = 16.0.29503.13
MinimumVisualStudioVersion = 10.0.40219.1
Project("{FAE04EC0-301F-11D3-BF4B-00C04F79EFBC}") = "ProductList", "LinqAssignment\ProductList.csproj", "{08E965BE-B35D-4249-B8B5-BD84A2457B15}"
EndProject
Project("{FAE04EC0-301F-11D3-BF4B-00C04F79EFBC}") = "GreaterThan100", "GreaterThan100\GreaterThan100.csproj", "{8797281B-3C47-4603-A5BA-3233F0C6437D}"
EndProject
Project("{FAE04EC0-301F-11D3-BF4B-00C04F79EFBC}") = "ShowWeekDays", "ShowWeekDays\ShowWeekDays.csproj", "{EFD0AECF-936D-4AE8-9D61-EA708B8BFDAA}"
EndProject
Project("{FAE04EC0-301F-11D3-BF4B-00C04F79EFBC}") = "LinqToSqlEx", "LinqToSqlEx\LinqToSqlEx.csproj", "{326BCE69-7501-41AE-AABC-BB2229AE5373}"
EndProject
Global
	GlobalSection(SolutionConfigurationPlatforms) = preSolution
		Debug|Any CPU = Debug|Any CPU
		Release|Any CPU = Release|Any CPU
	EndGlobalSection
	GlobalSection(ProjectConfigurationPlatforms) = postSolution
		{08E965BE-B35D-4249-B8B5-BD84A2457B15}.Debug|Any CPU.ActiveCfg = Debug|Any CPU
		{08E965BE-B35D-4249-B8B5-BD84A2457B15}.Debug|Any CPU.Build.0 = Debug|Any CPU
		{08E965BE-B35D-4249-B8B5-BD84A2457B15}.Release|Any CPU.ActiveCfg = Release|Any CPU
		{08E965BE-B35D-4249-B8B5-BD84A2457B15}.Release|Any CPU.Build.0 = Release|Any CPU
		{8797281B-3C47-4603-A5BA-3233F0C6437D}.Debug|Any CPU.ActiveCfg = Debug|Any CPU
		{8797281B-3C47-4603-A5BA-3233F0C6437D}.Debug|Any CPU.Build.0 = Debug|Any CPU
		{8797281B-3C47-4603-A5BA-3233F0C6437D}.Release|Any CPU.ActiveCfg = Release|Any CPU
		{8797281B-3C47-4603-A5BA-3233F0C6437D}.Release|Any CPU.Build.0 = Release|Any CPU
		{EFD0AECF-936D-4AE8-9D61-EA708B8BFDAA}.Debug|Any CPU.ActiveCfg = Debug|Any CPU
		{EFD0AECF-936D-4AE8-9D61-EA708B8BFDAA}.Debug|Any CPU.Build.0 = Debug|Any CPU
		{EFD0AECF-936D-4AE8-9D61-EA708B8BFDAA}.Release|Any CPU.ActiveCfg = Release|Any CPU
		{EFD0AECF-936D-4AE8-9D61-EA708B8BFDAA}.Release|Any CPU.Build.0 = Release|Any CPU
		{326BCE69-7501-41AE-AABC-BB2229AE5373}.Debug|Any CPU.ActiveCfg = Debug|Any CPU
		{326BCE69-7501-41AE-AABC-BB2229AE5373}.Debug|Any CPU.Build.0 = Debug|Any CPU
		{326BCE69-7501-41AE-AABC-BB2229AE5373}.Release|Any CPU.ActiveCfg = Release|Any CPU
		{326BCE69-7501-41AE-AABC-BB2229AE5373}.Release|Any CPU.Build.0 = Release|Any CPU
	EndGlobalSection
	GlobalSection(SolutionProperties) = preSolution
		HideSolutionNode = FALSE
	EndGlobalSection
	GlobalSection(ExtensibilityGlobals) = postSolution
		SolutionGuid = {1B92900D-F279-486F-93CA-A41AB37B5E6F}
	EndGlobalSection
EndGlobal
